
Microsoft Visual Studio Solution File, Format Version 12.00
# Visual Studio Version 17
VisualStudioVersion = 17.13.35806.99
MinimumVisualStudioVersion = 10.0.40219.1
Project("{FAE04EC0-301F-11D3-BF4B-00C04F79EFBC}") = "Entities", "Entities\Entities.csproj", "{2B9BADF7-9BC8-4285-8D5E-C547F6CDEFE2}"
EndProject
Project("{FAE04EC0-301F-11D3-BF4B-00C04F79EFBC}") = "DAL", "DAL\DAL.csproj", "{F42866BE-CD4C-4F2D-9BB7-8C02E4C9FF92}"
EndProject
Project("{FAE04EC0-301F-11D3-BF4B-00C04F79EFBC}") = "BackEnd", "BackEnd\BackEnd.csproj", "{B8722A1A-E28F-42A7-941A-C7C7EA28D84B}"
EndProject
Global
	GlobalSection(SolutionConfigurationPlatforms) = preSolution
		Debug|Any CPU = Debug|Any CPU
		Release|Any CPU = Release|Any CPU
	EndGlobalSection
	GlobalSection(ProjectConfigurationPlatforms) = postSolution
		{2B9BADF7-9BC8-4285-8D5E-C547F6CDEFE2}.Debug|Any CPU.ActiveCfg = Debug|Any CPU
		{2B9BADF7-9BC8-4285-8D5E-C547F6CDEFE2}.Debug|Any CPU.Build.0 = Debug|Any CPU
		{2B9BADF7-9BC8-4285-8D5E-C547F6CDEFE2}.Release|Any CPU.ActiveCfg = Release|Any CPU
		{2B9BADF7-9BC8-4285-8D5E-C547F6CDEFE2}.Release|Any CPU.Build.0 = Release|Any CPU
		{F42866BE-CD4C-4F2D-9BB7-8C02E4C9FF92}.Debug|Any CPU.ActiveCfg = Debug|Any CPU
		{F42866BE-CD4C-4F2D-9BB7-8C02E4C9FF92}.Debug|Any CPU.Build.0 = Debug|Any CPU
		{F42866BE-CD4C-4F2D-9BB7-8C02E4C9FF92}.Release|Any CPU.ActiveCfg = Release|Any CPU
		{F42866BE-CD4C-4F2D-9BB7-8C02E4C9FF92}.Release|Any CPU.Build.0 = Release|Any CPU
		{B8722A1A-E28F-42A7-941A-C7C7EA28D84B}.Debug|Any CPU.ActiveCfg = Debug|Any CPU
		{B8722A1A-E28F-42A7-941A-C7C7EA28D84B}.Debug|Any CPU.Build.0 = Debug|Any CPU
		{B8722A1A-E28F-42A7-941A-C7C7EA28D84B}.Release|Any CPU.ActiveCfg = Release|Any CPU
		{B8722A1A-E28F-42A7-941A-C7C7EA28D84B}.Release|Any CPU.Build.0 = Release|Any CPU
	EndGlobalSection
	GlobalSection(SolutionProperties) = preSolution
		HideSolutionNode = FALSE
	EndGlobalSection
	GlobalSection(ExtensibilityGlobals) = postSolution
		SolutionGuid = {0BA5BD0D-FB24-4E30-AC5F-C302D70F0684}
	EndGlobalSection
EndGlobal
